
Microsoft Visual Studio Solution File, Format Version 12.00
# Visual Studio Version 17
VisualStudioVersion = 17.4.32916.344
MinimumVisualStudioVersion = 10.0.40219.1
Project("{FAE04EC0-301F-11D3-BF4B-00C04F79EFBC}") = "MauiExpansionPanel", "MauiExpansionPanel.csproj", "{1444F9F0-AC7C-4173-B3EA-863BA656D4AB}"
EndProject
Global
	GlobalSection(SolutionConfigurationPlatforms) = preSolution
		Debug|Any CPU = Debug|Any CPU
		Release|Any CPU = Release|Any CPU
	EndGlobalSection
	GlobalSection(ProjectConfigurationPlatforms) = postSolution
		{1444F9F0-AC7C-4173-B3EA-863BA656D4AB}.Debug|Any CPU.ActiveCfg = Debug|Any CPU
		{1444F9F0-AC7C-4173-B3EA-863BA656D4AB}.Debug|Any CPU.Build.0 = Debug|Any CPU
		{1444F9F0-AC7C-4173-B3EA-863BA656D4AB}.Release|Any CPU.ActiveCfg = Release|Any CPU
		{1444F9F0-AC7C-4173-B3EA-863BA656D4AB}.Release|Any CPU.Build.0 = Release|Any CPU
	EndGlobalSection
	GlobalSection(SolutionProperties) = preSolution
		HideSolutionNode = FALSE
	EndGlobalSection
	GlobalSection(ExtensibilityGlobals) = postSolution
		SolutionGuid = {870E16A6-AD97-4588-9261-75B708BA141A}
	EndGlobalSection
EndGlobal
